
Microsoft Visual Studio Solution File, Format Version 12.00
# Visual Studio 2013
VisualStudioVersion = 12.0.30723.0
MinimumVisualStudioVersion = 10.0.40219.1
Project("{7CF6DF6D-3B04-46F8-A40B-537D21BCA0B4}") = "EWSoftwarePDI", "EWSoftwarePDI.shfbproj", "{5608842E-7D2D-40F9-81C0-4576B8490412}"
EndProject
Global
	GlobalSection(SolutionConfigurationPlatforms) = preSolution
		Debug|Any CPU = Debug|Any CPU
		Release|Any CPU = Release|Any CPU
	EndGlobalSection
	GlobalSection(ProjectConfigurationPlatforms) = postSolution
		{5608842E-7D2D-40F9-81C0-4576B8490412}.Debug|Any CPU.ActiveCfg = Debug|Any CPU
		{5608842E-7D2D-40F9-81C0-4576B8490412}.Debug|Any CPU.Build.0 = Debug|Any CPU
		{5608842E-7D2D-40F9-81C0-4576B8490412}.Release|Any CPU.ActiveCfg = Release|Any CPU
		{5608842E-7D2D-40F9-81C0-4576B8490412}.Release|Any CPU.Build.0 = Release|Any CPU
	EndGlobalSection
	GlobalSection(SolutionProperties) = preSolution
		HideSolutionNode = FALSE
	EndGlobalSection
EndGlobal
