Microsoft Visual Studio Solution File, Format Version 12.00
# Visual Studio Version 17
VisualStudioVersion = 17.4.33205.214
MinimumVisualStudioVersion = 10.0.40219.1
Project("{9A19103F-16F7-4668-BE54-9A1E7A4F7556}") = "CalendarBrowser", "CSharpDemos\CalendarBrowser\CalendarBrowser.csproj", "{20487237-F96A-4725-A82D-96FD26AF9DFE}"
EndProject
Project("{9A19103F-16F7-4668-BE54-9A1E7A4F7556}") = "vCardBrowser", "CSharpDemos\vCardBrowser\vCardBrowser.csproj", "{AC9020EB-63D3-4515-A868-8D290356FBE5}"
EndProject
Project("{2150E333-8FDC-42A3-9474-1A3956D46DE8}") = "Solution Items", "Solution Items", "{D3E23A2C-E571-4DF2-BCA1-172B2C994300}"
	ProjectSection(SolutionItems) = preProject
		..\.editorconfig = ..\.editorconfig
		..\IgnoredWords.dic = ..\IgnoredWords.dic
	EndProjectSection
EndProject
Project("{9A19103F-16F7-4668-BE54-9A1E7A4F7556}") = "EWSoftware.PDI", "EWSPDI\EWSoftware.PDI.csproj", "{024821DE-3508-476A-97E7-441334A1B2DF}"
EndProject
Project("{9A19103F-16F7-4668-BE54-9A1E7A4F7556}") = "EWSoftware.PDI.Data", "EWSPDIData\EWSoftware.PDI.Data.csproj", "{5EDA55CB-E991-4C50-93CB-149D7C4D498C}"
EndProject
Project("{9A19103F-16F7-4668-BE54-9A1E7A4F7556}") = "EWSoftware.PDI.Windows.Forms", "EWSPDIWinForms\EWSoftware.PDI.Windows.Forms.csproj", "{AF3E8BED-A706-4C25-8379-2882641A221A}"
EndProject
Project("{9A19103F-16F7-4668-BE54-9A1E7A4F7556}") = "PDIDatesTest", "CSharpDemos\PDIDatesTest\PDIDatesTest.csproj", "{A087FDCB-A669-4364-A8BB-C990CC5AB743}"
EndProject
Project("{9A19103F-16F7-4668-BE54-9A1E7A4F7556}") = "PDIParserTest", "CSharpDemos\PDIParserTest\PDIParserTest.csproj", "{A5B3787A-2FEC-4A84-BA0D-E0E0D6119638}"
EndProject
Project("{9A19103F-16F7-4668-BE54-9A1E7A4F7556}") = "RFC2445RecurTest", "CSharpDemos\RFC2445RecurTest\RFC2445RecurTest.csproj", "{E0D46484-AAAE-41A1-85A7-9903B3DACB28}"
EndProject
Project("{9A19103F-16F7-4668-BE54-9A1E7A4F7556}") = "PDIWinFormsTest", "CSharpDemos\PDIWinFormsTest\PDIWinFormsTest.csproj", "{969B43B1-5E6E-4C96-AE49-36A4D88119D8}"
EndProject
Global
	GlobalSection(SolutionConfigurationPlatforms) = preSolution
		Debug|Any CPU = Debug|Any CPU
		Release|Any CPU = Release|Any CPU
	EndGlobalSection
	GlobalSection(ProjectConfigurationPlatforms) = postSolution
		{20487237-F96A-4725-A82D-96FD26AF9DFE}.Debug|Any CPU.ActiveCfg = Debug|Any CPU
		{20487237-F96A-4725-A82D-96FD26AF9DFE}.Debug|Any CPU.Build.0 = Debug|Any CPU
		{20487237-F96A-4725-A82D-96FD26AF9DFE}.Release|Any CPU.ActiveCfg = Release|Any CPU
		{20487237-F96A-4725-A82D-96FD26AF9DFE}.Release|Any CPU.Build.0 = Release|Any CPU
		{AC9020EB-63D3-4515-A868-8D290356FBE5}.Debug|Any CPU.ActiveCfg = Debug|Any CPU
		{AC9020EB-63D3-4515-A868-8D290356FBE5}.Debug|Any CPU.Build.0 = Debug|Any CPU
		{AC9020EB-63D3-4515-A868-8D290356FBE5}.Release|Any CPU.ActiveCfg = Release|Any CPU
		{AC9020EB-63D3-4515-A868-8D290356FBE5}.Release|Any CPU.Build.0 = Release|Any CPU
		{024821DE-3508-476A-97E7-441334A1B2DF}.Debug|Any CPU.ActiveCfg = Debug|Any CPU
		{024821DE-3508-476A-97E7-441334A1B2DF}.Debug|Any CPU.Build.0 = Debug|Any CPU
		{024821DE-3508-476A-97E7-441334A1B2DF}.Release|Any CPU.ActiveCfg = Release|Any CPU
		{024821DE-3508-476A-97E7-441334A1B2DF}.Release|Any CPU.Build.0 = Release|Any CPU
		{5EDA55CB-E991-4C50-93CB-149D7C4D498C}.Debug|Any CPU.ActiveCfg = Debug|Any CPU
		{5EDA55CB-E991-4C50-93CB-149D7C4D498C}.Debug|Any CPU.Build.0 = Debug|Any CPU
		{5EDA55CB-E991-4C50-93CB-149D7C4D498C}.Release|Any CPU.ActiveCfg = Release|Any CPU
		{5EDA55CB-E991-4C50-93CB-149D7C4D498C}.Release|Any CPU.Build.0 = Release|Any CPU
		{AF3E8BED-A706-4C25-8379-2882641A221A}.Debug|Any CPU.ActiveCfg = Debug|Any CPU
		{AF3E8BED-A706-4C25-8379-2882641A221A}.Debug|Any CPU.Build.0 = Debug|Any CPU
		{AF3E8BED-A706-4C25-8379-2882641A221A}.Release|Any CPU.ActiveCfg = Release|Any CPU
		{AF3E8BED-A706-4C25-8379-2882641A221A}.Release|Any CPU.Build.0 = Release|Any CPU
		{A087FDCB-A669-4364-A8BB-C990CC5AB743}.Debug|Any CPU.ActiveCfg = Debug|Any CPU
		{A087FDCB-A669-4364-A8BB-C990CC5AB743}.Debug|Any CPU.Build.0 = Debug|Any CPU
		{A087FDCB-A669-4364-A8BB-C990CC5AB743}.Release|Any CPU.ActiveCfg = Release|Any CPU
		{A087FDCB-A669-4364-A8BB-C990CC5AB743}.Release|Any CPU.Build.0 = Release|Any CPU
		{A5B3787A-2FEC-4A84-BA0D-E0E0D6119638}.Debug|Any CPU.ActiveCfg = Debug|Any CPU
		{A5B3787A-2FEC-4A84-BA0D-E0E0D6119638}.Debug|Any CPU.Build.0 = Debug|Any CPU
		{A5B3787A-2FEC-4A84-BA0D-E0E0D6119638}.Release|Any CPU.ActiveCfg = Release|Any CPU
		{A5B3787A-2FEC-4A84-BA0D-E0E0D6119638}.Release|Any CPU.Build.0 = Release|Any CPU
		{E0D46484-AAAE-41A1-85A7-9903B3DACB28}.Debug|Any CPU.ActiveCfg = Debug|Any CPU
		{E0D46484-AAAE-41A1-85A7-9903B3DACB28}.Debug|Any CPU.Build.0 = Debug|Any CPU
		{E0D46484-AAAE-41A1-85A7-9903B3DACB28}.Release|Any CPU.ActiveCfg = Release|Any CPU
		{E0D46484-AAAE-41A1-85A7-9903B3DACB28}.Release|Any CPU.Build.0 = Release|Any CPU
		{969B43B1-5E6E-4C96-AE49-36A4D88119D8}.Debug|Any CPU.ActiveCfg = Debug|Any CPU
		{969B43B1-5E6E-4C96-AE49-36A4D88119D8}.Debug|Any CPU.Build.0 = Debug|Any CPU
		{969B43B1-5E6E-4C96-AE49-36A4D88119D8}.Release|Any CPU.ActiveCfg = Release|Any CPU
		{969B43B1-5E6E-4C96-AE49-36A4D88119D8}.Release|Any CPU.Build.0 = Release|Any CPU
	EndGlobalSection
	GlobalSection(SolutionProperties) = preSolution
		HideSolutionNode = FALSE
	EndGlobalSection
	GlobalSection(ExtensibilityGlobals) = postSolution
		SolutionGuid = {C5B514B2-34D6-4F8F-9222-2A6B82574703}
	EndGlobalSection
EndGlobal
