Microsoft Visual Studio Solution File, Format Version 12.00
# Visual Studio 15
VisualStudioVersion = 15.0.27004.2002
MinimumVisualStudioVersion = 10.0.40219.1
Project("{2150E333-8FDC-42A3-9474-1A3956D46DE8}") = "Solution Items", "Solution Items", "{5282D624-0EA3-4F39-939A-E5DFB8EAF3A8}"
	ProjectSection(SolutionItems) = preProject
		.editorconfig = .editorconfig
		EWSPDI.ruleset = EWSPDI.ruleset
	EndProjectSection
EndProject
Project("{9A19103F-16F7-4668-BE54-9A1E7A4F7556}") = "EWSoftware.PDI", "EWSPDI\EWSoftware.PDI.csproj", "{FAB2E594-F7C2-4677-99F6-6F9717174DA3}"
EndProject
Project("{9A19103F-16F7-4668-BE54-9A1E7A4F7556}") = "EWSoftware.PDI.Data", "EWSPDIData\EWSoftware.PDI.Data.csproj", "{C5E24454-D754-4A09-874A-12ABEA8C6105}"
EndProject
Project("{9A19103F-16F7-4668-BE54-9A1E7A4F7556}") = "EWSoftware.PDI.Web.Controls", "EWSPDIWeb\EWSoftware.PDI.Web.Controls.csproj", "{66F7E06E-48A0-4DBF-99FE-560674B9C91F}"
EndProject
Project("{9A19103F-16F7-4668-BE54-9A1E7A4F7556}") = "EWSoftware.PDI.Windows.Forms", "EWSPDIWinForms\EWSoftware.PDI.Windows.Forms.csproj", "{7A46908F-DB3F-4F75-B6D8-529E27E3B045}"
EndProject
Project("{FAE04EC0-301F-11D3-BF4B-00C04F79EFBC}") = "EWSoftware.PDI.WinForms.Design", "EWSPDIWinForms\EWSoftware.PDI.WinForms.Design.csproj", "{DBD186A2-8160-4BF3-92D4-61BF262F0CA2}"
EndProject
Global
	GlobalSection(SolutionConfigurationPlatforms) = preSolution
		Debug|Any CPU = Debug|Any CPU
		Release|Any CPU = Release|Any CPU
	EndGlobalSection
	GlobalSection(ProjectConfigurationPlatforms) = postSolution
		{FAB2E594-F7C2-4677-99F6-6F9717174DA3}.Debug|Any CPU.ActiveCfg = Debug|Any CPU
		{FAB2E594-F7C2-4677-99F6-6F9717174DA3}.Debug|Any CPU.Build.0 = Debug|Any CPU
		{FAB2E594-F7C2-4677-99F6-6F9717174DA3}.Release|Any CPU.ActiveCfg = Release|Any CPU
		{FAB2E594-F7C2-4677-99F6-6F9717174DA3}.Release|Any CPU.Build.0 = Release|Any CPU
		{C5E24454-D754-4A09-874A-12ABEA8C6105}.Debug|Any CPU.ActiveCfg = Debug|Any CPU
		{C5E24454-D754-4A09-874A-12ABEA8C6105}.Debug|Any CPU.Build.0 = Debug|Any CPU
		{C5E24454-D754-4A09-874A-12ABEA8C6105}.Release|Any CPU.ActiveCfg = Release|Any CPU
		{C5E24454-D754-4A09-874A-12ABEA8C6105}.Release|Any CPU.Build.0 = Release|Any CPU
		{66F7E06E-48A0-4DBF-99FE-560674B9C91F}.Debug|Any CPU.ActiveCfg = Debug|Any CPU
		{66F7E06E-48A0-4DBF-99FE-560674B9C91F}.Debug|Any CPU.Build.0 = Debug|Any CPU
		{66F7E06E-48A0-4DBF-99FE-560674B9C91F}.Release|Any CPU.ActiveCfg = Release|Any CPU
		{66F7E06E-48A0-4DBF-99FE-560674B9C91F}.Release|Any CPU.Build.0 = Release|Any CPU
		{7A46908F-DB3F-4F75-B6D8-529E27E3B045}.Debug|Any CPU.ActiveCfg = Debug|Any CPU
		{7A46908F-DB3F-4F75-B6D8-529E27E3B045}.Debug|Any CPU.Build.0 = Debug|Any CPU
		{7A46908F-DB3F-4F75-B6D8-529E27E3B045}.Release|Any CPU.ActiveCfg = Release|Any CPU
		{7A46908F-DB3F-4F75-B6D8-529E27E3B045}.Release|Any CPU.Build.0 = Release|Any CPU
		{DBD186A2-8160-4BF3-92D4-61BF262F0CA2}.Debug|Any CPU.ActiveCfg = Debug|Any CPU
		{DBD186A2-8160-4BF3-92D4-61BF262F0CA2}.Release|Any CPU.ActiveCfg = Release|Any CPU
	EndGlobalSection
	GlobalSection(SolutionProperties) = preSolution
		HideSolutionNode = FALSE
	EndGlobalSection
	GlobalSection(ExtensibilityGlobals) = postSolution
		SolutionGuid = {B24E61D6-35A3-449C-867F-2442C1466C4F}
	EndGlobalSection
EndGlobal
