Microsoft Visual Studio Solution File, Format Version 12.00
# Visual Studio 15
VisualStudioVersion = 15.0.27004.2002
MinimumVisualStudioVersion = 10.0.40219.1
Project("{E24C65DC-7377-472B-9ABA-BC803B73C61A}") = "PDIWebDemoCS", "CSharpDemos\PDIWebDemoCS\", "{60252946-B338-4A43-B49A-350776966EAB}"
	ProjectSection(WebsiteProperties) = preProject
		TargetFrameworkMoniker = ".NETFramework,Version%3Dv4.7.2"
		ProjectReferences = "{a7923036-e253-4b09-ae6c-fd409281d0c9}|EWSoftware.PDI.Web.Controls.dll;"
		Debug.AspNetCompiler.VirtualPath = "/PDIWebDemoCS"
		Debug.AspNetCompiler.PhysicalPath = "CSharpDemos\PDIWebDemoCS\"
		Debug.AspNetCompiler.TargetPath = "..\Deployment\PrecompiledWeb\PDIWebDemoCS\"
		Debug.AspNetCompiler.Updateable = "false"
		Debug.AspNetCompiler.ForceOverwrite = "true"
		Debug.AspNetCompiler.FixedNames = "false"
		Debug.AspNetCompiler.Debug = "True"
		Release.AspNetCompiler.VirtualPath = "/PDIWebDemoCS"
		Release.AspNetCompiler.PhysicalPath = "CSharpDemos\PDIWebDemoCS\"
		Release.AspNetCompiler.TargetPath = "..\Deployment\PrecompiledWeb\PDIWebDemoCS\"
		Release.AspNetCompiler.Updateable = "false"
		Release.AspNetCompiler.ForceOverwrite = "true"
		Release.AspNetCompiler.FixedNames = "false"
		Release.AspNetCompiler.Debug = "False"
		VWDPort = "1069"
		SlnRelativePath = "CSharpDemos\PDIWebDemoCS\"
	EndProjectSection
EndProject
Project("{E24C65DC-7377-472B-9ABA-BC803B73C61A}") = "PDIWebDemoVB", "VBNetDemos\PDIWebDemoVB\", "{6EE94951-05F3-4B9B-9595-890681E2DD0B}"
	ProjectSection(WebsiteProperties) = preProject
		TargetFrameworkMoniker = ".NETFramework,Version%3Dv4.7.2"
		ProjectReferences = "{a7923036-e253-4b09-ae6c-fd409281d0c9}|EWSoftware.PDI.Web.Controls.dll;"
		Debug.AspNetCompiler.VirtualPath = "/PDIWebDemoVB"
		Debug.AspNetCompiler.PhysicalPath = "VBNetDemos\PDIWebDemoVB\"
		Debug.AspNetCompiler.TargetPath = "..\Deployment\PrecompiledWeb\PDIWebDemoVB\"
		Debug.AspNetCompiler.Updateable = "false"
		Debug.AspNetCompiler.ForceOverwrite = "true"
		Debug.AspNetCompiler.FixedNames = "false"
		Debug.AspNetCompiler.Debug = "True"
		Release.AspNetCompiler.VirtualPath = "/PDIWebDemoVB"
		Release.AspNetCompiler.PhysicalPath = "VBNetDemos\PDIWebDemoVB\"
		Release.AspNetCompiler.TargetPath = "..\Deployment\PrecompiledWeb\PDIWebDemoVB\"
		Release.AspNetCompiler.Updateable = "false"
		Release.AspNetCompiler.ForceOverwrite = "true"
		Release.AspNetCompiler.FixedNames = "false"
		Release.AspNetCompiler.Debug = "False"
		VWDPort = "1070"
		SlnRelativePath = "VBNetDemos\PDIWebDemoVB\"
	EndProjectSection
EndProject
Project("{2150E333-8FDC-42A3-9474-1A3956D46DE8}") = ".nuget", ".nuget", "{760BE66F-D967-4913-87A7-9D88C9201DB4}"
	ProjectSection(SolutionItems) = preProject
		.nuget\NuGet.Config = .nuget\NuGet.Config
	EndProjectSection
EndProject
Project("{2150E333-8FDC-42A3-9474-1A3956D46DE8}") = "Solution Items", "Solution Items", "{3A883170-D3A8-4356-A405-1755B7DA5E4F}"
	ProjectSection(SolutionItems) = preProject
		.editorconfig = .editorconfig
		PDIWebDemo.sln.vsspell = PDIWebDemo.sln.vsspell
	EndProjectSection
EndProject
Project("{9A19103F-16F7-4668-BE54-9A1E7A4F7556}") = "EWSoftware.PDI", "EWSPDI\EWSoftware.PDI.csproj", "{1A26024A-D3A3-4F39-AC16-13467866E54E}"
EndProject
Project("{9A19103F-16F7-4668-BE54-9A1E7A4F7556}") = "EWSoftware.PDI.Data", "EWSPDIData\EWSoftware.PDI.Data.csproj", "{2FAECA0E-F4C1-4323-9698-D23874396293}"
EndProject
Project("{9A19103F-16F7-4668-BE54-9A1E7A4F7556}") = "EWSoftware.PDI.Web.Controls", "EWSPDIWeb\EWSoftware.PDI.Web.Controls.csproj", "{A7923036-E253-4B09-AE6C-FD409281D0C9}"
EndProject
Global
	GlobalSection(SolutionConfigurationPlatforms) = preSolution
		Debug|.NET = Debug|.NET
		Debug|Any CPU = Debug|Any CPU
		Release|.NET = Release|.NET
		Release|Any CPU = Release|Any CPU
	EndGlobalSection
	GlobalSection(ProjectConfigurationPlatforms) = postSolution
		{60252946-B338-4A43-B49A-350776966EAB}.Debug|.NET.ActiveCfg = Debug|Any CPU
		{60252946-B338-4A43-B49A-350776966EAB}.Debug|Any CPU.ActiveCfg = Debug|Any CPU
		{60252946-B338-4A43-B49A-350776966EAB}.Debug|Any CPU.Build.0 = Debug|Any CPU
		{60252946-B338-4A43-B49A-350776966EAB}.Release|.NET.ActiveCfg = Debug|Any CPU
		{60252946-B338-4A43-B49A-350776966EAB}.Release|Any CPU.ActiveCfg = Debug|Any CPU
		{60252946-B338-4A43-B49A-350776966EAB}.Release|Any CPU.Build.0 = Debug|Any CPU
		{6EE94951-05F3-4B9B-9595-890681E2DD0B}.Debug|.NET.ActiveCfg = Debug|Any CPU
		{6EE94951-05F3-4B9B-9595-890681E2DD0B}.Debug|Any CPU.ActiveCfg = Debug|Any CPU
		{6EE94951-05F3-4B9B-9595-890681E2DD0B}.Debug|Any CPU.Build.0 = Debug|Any CPU
		{6EE94951-05F3-4B9B-9595-890681E2DD0B}.Release|.NET.ActiveCfg = Debug|Any CPU
		{6EE94951-05F3-4B9B-9595-890681E2DD0B}.Release|Any CPU.ActiveCfg = Debug|Any CPU
		{6EE94951-05F3-4B9B-9595-890681E2DD0B}.Release|Any CPU.Build.0 = Debug|Any CPU
		{1A26024A-D3A3-4F39-AC16-13467866E54E}.Debug|.NET.ActiveCfg = Debug|Any CPU
		{1A26024A-D3A3-4F39-AC16-13467866E54E}.Debug|.NET.Build.0 = Debug|Any CPU
		{1A26024A-D3A3-4F39-AC16-13467866E54E}.Debug|Any CPU.ActiveCfg = Debug|Any CPU
		{1A26024A-D3A3-4F39-AC16-13467866E54E}.Debug|Any CPU.Build.0 = Debug|Any CPU
		{1A26024A-D3A3-4F39-AC16-13467866E54E}.Release|.NET.ActiveCfg = Release|Any CPU
		{1A26024A-D3A3-4F39-AC16-13467866E54E}.Release|.NET.Build.0 = Release|Any CPU
		{1A26024A-D3A3-4F39-AC16-13467866E54E}.Release|Any CPU.ActiveCfg = Release|Any CPU
		{1A26024A-D3A3-4F39-AC16-13467866E54E}.Release|Any CPU.Build.0 = Release|Any CPU
		{2FAECA0E-F4C1-4323-9698-D23874396293}.Debug|.NET.ActiveCfg = Debug|Any CPU
		{2FAECA0E-F4C1-4323-9698-D23874396293}.Debug|.NET.Build.0 = Debug|Any CPU
		{2FAECA0E-F4C1-4323-9698-D23874396293}.Debug|Any CPU.ActiveCfg = Debug|Any CPU
		{2FAECA0E-F4C1-4323-9698-D23874396293}.Debug|Any CPU.Build.0 = Debug|Any CPU
		{2FAECA0E-F4C1-4323-9698-D23874396293}.Release|.NET.ActiveCfg = Release|Any CPU
		{2FAECA0E-F4C1-4323-9698-D23874396293}.Release|.NET.Build.0 = Release|Any CPU
		{2FAECA0E-F4C1-4323-9698-D23874396293}.Release|Any CPU.ActiveCfg = Release|Any CPU
		{2FAECA0E-F4C1-4323-9698-D23874396293}.Release|Any CPU.Build.0 = Release|Any CPU
		{A7923036-E253-4B09-AE6C-FD409281D0C9}.Debug|.NET.ActiveCfg = Debug|Any CPU
		{A7923036-E253-4B09-AE6C-FD409281D0C9}.Debug|.NET.Build.0 = Debug|Any CPU
		{A7923036-E253-4B09-AE6C-FD409281D0C9}.Debug|Any CPU.ActiveCfg = Debug|Any CPU
		{A7923036-E253-4B09-AE6C-FD409281D0C9}.Debug|Any CPU.Build.0 = Debug|Any CPU
		{A7923036-E253-4B09-AE6C-FD409281D0C9}.Release|.NET.ActiveCfg = Release|Any CPU
		{A7923036-E253-4B09-AE6C-FD409281D0C9}.Release|.NET.Build.0 = Release|Any CPU
		{A7923036-E253-4B09-AE6C-FD409281D0C9}.Release|Any CPU.ActiveCfg = Release|Any CPU
		{A7923036-E253-4B09-AE6C-FD409281D0C9}.Release|Any CPU.Build.0 = Release|Any CPU
	EndGlobalSection
	GlobalSection(SolutionProperties) = preSolution
		HideSolutionNode = FALSE
	EndGlobalSection
	GlobalSection(ExtensibilityGlobals) = postSolution
		SolutionGuid = {165BBF85-FBDE-4048-AFD8-619755EC0A48}
	EndGlobalSection
EndGlobal
