Microsoft Visual Studio Solution File, Format Version 12.00
# Visual Studio Version 17
VisualStudioVersion = 17.4.33205.214
MinimumVisualStudioVersion = 10.0.40219.1
Project("{F184B08F-C81C-45F6-A57F-5ABD9991F28F}") = "PDIWinFormsTest", "VBNetDemos\PDIWinFormsTest\PDIWinFormsTest.vbproj", "{32B39562-144C-4272-9251-1FC72D7D4303}"
EndProject
Project("{F184B08F-C81C-45F6-A57F-5ABD9991F28F}") = "vCardBrowser", "VBNetDemos\vCardBrowser\vCardBrowser.vbproj", "{DC514DED-802F-4871-A220-661C0E697A54}"
EndProject
Project("{F184B08F-C81C-45F6-A57F-5ABD9991F28F}") = "CalendarBrowser", "VBNetDemos\CalendarBrowser\CalendarBrowser.vbproj", "{45A94A5D-36E8-41CC-A013-88B44A97F5E3}"
EndProject
Project("{2150E333-8FDC-42A3-9474-1A3956D46DE8}") = "Solution Items", "Solution Items", "{8E4FCD09-D7DE-448A-B2DD-DE5168D6A54B}"
	ProjectSection(SolutionItems) = preProject
		.editorconfig = .editorconfig
		Common.vsspell = Common.vsspell
		VBNetDemos.sln.vsspell = VBNetDemos.sln.vsspell
	EndProjectSection
EndProject
Project("{9A19103F-16F7-4668-BE54-9A1E7A4F7556}") = "EWSoftware.PDI", "EWSPDI\EWSoftware.PDI.csproj", "{E4BE35A2-31C3-4BE1-A257-413FB78CDD9B}"
EndProject
Project("{9A19103F-16F7-4668-BE54-9A1E7A4F7556}") = "EWSoftware.PDI.Data", "EWSPDIData\EWSoftware.PDI.Data.csproj", "{4D1D331E-7475-4260-B9AD-8A31848A6054}"
EndProject
Project("{9A19103F-16F7-4668-BE54-9A1E7A4F7556}") = "EWSoftware.PDI.Windows.Forms", "EWSPDIWinForms\EWSoftware.PDI.Windows.Forms.csproj", "{1E7AAF3E-6978-4C69-A2FB-916AF6F77D9E}"
EndProject
Project("{778DAE3C-4631-46EA-AA77-85C1314464D9}") = "PDIDatesTest", "VBNetDemos\PDIDatesTest\PDIDatesTest.vbproj", "{1810811B-5862-4CD2-BA0E-EE38414EF646}"
EndProject
Project("{778DAE3C-4631-46EA-AA77-85C1314464D9}") = "PDIParserTest", "VBNetDemos\PDIParserTest\PDIParserTest.vbproj", "{CE1CDE90-CAD7-44ED-B75C-4344DA98A121}"
EndProject
Project("{778DAE3C-4631-46EA-AA77-85C1314464D9}") = "RFC2445RecurTest", "VBNetDemos\RFC2445RecurTest\RFC2445RecurTest.vbproj", "{DF0E03E4-C850-4BEB-B2CC-C7EF9BEC59B8}"
EndProject
Global
	GlobalSection(SolutionConfigurationPlatforms) = preSolution
		Debug|Any CPU = Debug|Any CPU
		Release|Any CPU = Release|Any CPU
	EndGlobalSection
	GlobalSection(ProjectConfigurationPlatforms) = postSolution
		{32B39562-144C-4272-9251-1FC72D7D4303}.Debug|Any CPU.ActiveCfg = Debug|Any CPU
		{32B39562-144C-4272-9251-1FC72D7D4303}.Debug|Any CPU.Build.0 = Debug|Any CPU
		{32B39562-144C-4272-9251-1FC72D7D4303}.Release|Any CPU.ActiveCfg = Release|Any CPU
		{32B39562-144C-4272-9251-1FC72D7D4303}.Release|Any CPU.Build.0 = Release|Any CPU
		{DC514DED-802F-4871-A220-661C0E697A54}.Debug|Any CPU.ActiveCfg = Debug|Any CPU
		{DC514DED-802F-4871-A220-661C0E697A54}.Debug|Any CPU.Build.0 = Debug|Any CPU
		{DC514DED-802F-4871-A220-661C0E697A54}.Release|Any CPU.ActiveCfg = Release|Any CPU
		{DC514DED-802F-4871-A220-661C0E697A54}.Release|Any CPU.Build.0 = Release|Any CPU
		{45A94A5D-36E8-41CC-A013-88B44A97F5E3}.Debug|Any CPU.ActiveCfg = Debug|Any CPU
		{45A94A5D-36E8-41CC-A013-88B44A97F5E3}.Debug|Any CPU.Build.0 = Debug|Any CPU
		{45A94A5D-36E8-41CC-A013-88B44A97F5E3}.Release|Any CPU.ActiveCfg = Release|Any CPU
		{45A94A5D-36E8-41CC-A013-88B44A97F5E3}.Release|Any CPU.Build.0 = Release|Any CPU
		{E4BE35A2-31C3-4BE1-A257-413FB78CDD9B}.Debug|Any CPU.ActiveCfg = Debug|Any CPU
		{E4BE35A2-31C3-4BE1-A257-413FB78CDD9B}.Debug|Any CPU.Build.0 = Debug|Any CPU
		{E4BE35A2-31C3-4BE1-A257-413FB78CDD9B}.Release|Any CPU.ActiveCfg = Release|Any CPU
		{E4BE35A2-31C3-4BE1-A257-413FB78CDD9B}.Release|Any CPU.Build.0 = Release|Any CPU
		{4D1D331E-7475-4260-B9AD-8A31848A6054}.Debug|Any CPU.ActiveCfg = Debug|Any CPU
		{4D1D331E-7475-4260-B9AD-8A31848A6054}.Debug|Any CPU.Build.0 = Debug|Any CPU
		{4D1D331E-7475-4260-B9AD-8A31848A6054}.Release|Any CPU.ActiveCfg = Release|Any CPU
		{4D1D331E-7475-4260-B9AD-8A31848A6054}.Release|Any CPU.Build.0 = Release|Any CPU
		{1E7AAF3E-6978-4C69-A2FB-916AF6F77D9E}.Debug|Any CPU.ActiveCfg = Debug|Any CPU
		{1E7AAF3E-6978-4C69-A2FB-916AF6F77D9E}.Debug|Any CPU.Build.0 = Debug|Any CPU
		{1E7AAF3E-6978-4C69-A2FB-916AF6F77D9E}.Release|Any CPU.ActiveCfg = Release|Any CPU
		{1E7AAF3E-6978-4C69-A2FB-916AF6F77D9E}.Release|Any CPU.Build.0 = Release|Any CPU
		{1810811B-5862-4CD2-BA0E-EE38414EF646}.Debug|Any CPU.ActiveCfg = Debug|Any CPU
		{1810811B-5862-4CD2-BA0E-EE38414EF646}.Debug|Any CPU.Build.0 = Debug|Any CPU
		{1810811B-5862-4CD2-BA0E-EE38414EF646}.Release|Any CPU.ActiveCfg = Release|Any CPU
		{1810811B-5862-4CD2-BA0E-EE38414EF646}.Release|Any CPU.Build.0 = Release|Any CPU
		{CE1CDE90-CAD7-44ED-B75C-4344DA98A121}.Debug|Any CPU.ActiveCfg = Debug|Any CPU
		{CE1CDE90-CAD7-44ED-B75C-4344DA98A121}.Debug|Any CPU.Build.0 = Debug|Any CPU
		{CE1CDE90-CAD7-44ED-B75C-4344DA98A121}.Release|Any CPU.ActiveCfg = Release|Any CPU
		{CE1CDE90-CAD7-44ED-B75C-4344DA98A121}.Release|Any CPU.Build.0 = Release|Any CPU
		{DF0E03E4-C850-4BEB-B2CC-C7EF9BEC59B8}.Debug|Any CPU.ActiveCfg = Debug|Any CPU
		{DF0E03E4-C850-4BEB-B2CC-C7EF9BEC59B8}.Debug|Any CPU.Build.0 = Debug|Any CPU
		{DF0E03E4-C850-4BEB-B2CC-C7EF9BEC59B8}.Release|Any CPU.ActiveCfg = Release|Any CPU
		{DF0E03E4-C850-4BEB-B2CC-C7EF9BEC59B8}.Release|Any CPU.Build.0 = Release|Any CPU
	EndGlobalSection
	GlobalSection(SolutionProperties) = preSolution
		HideSolutionNode = FALSE
	EndGlobalSection
	GlobalSection(ExtensibilityGlobals) = postSolution
		SolutionGuid = {32A17368-9EBB-4220-A9C1-3F58C84E2037}
	EndGlobalSection
EndGlobal
